{
  "requires": true,
  "lockfileVersion": 1,
  "dependencies": {
    "basic-validator": {
      "version": "2.0.0",
      "resolved": "https://registry.npmjs.org/basic-validator/-/basic-validator-2.0.0.tgz",
      "integrity": "sha512-IEt6i3wSHxrEa9zSEzkTDXxIIoaP+yCeaIAWzD8V8bH2pvNZXzgNdLOqWA0HgITGwGod4KO/bwPMRT6Wi9e1cw=="
    }
  }
}
